dependencies:
  espressif/esp_codec_dev:
    component_hash: 18c22e1411224ba6103c4aca1b01bc740af33926756e9e106370a477d52bcba1
    dependencies:
    - name: idf
      require: private
      version: '>=4.0'
    source:
      registry_url: https://components.espressif.com/
      type: service
    version: 1.3.4
  idf:
    source:
      type: idf
    version: 5.5.2
direct_dependencies:
- espressif/esp_codec_dev
- idf
manifest_hash: c2879a74d348e75c30338555a7a1eda3818d2a2e06b8abcee3136199b0e8875b
target: esp32s3
version: 2.0.0
